# THIS IS AN AUTOGENERATED FILE. DO NOT EDIT THIS FILE DIRECTLY.
# yarn lockfile v1


tello-drone@^3.0.4:
  version "3.0.4"
  resolved "https://registry.yarnpkg.com/tello-drone/-/tello-drone-3.0.4.tgz#d3283bd4c2c876d0949525d763059ede9c7b1f1d"
  integrity sha512-tCYdeCRPd4RmxeuEKa5Xuw6H7tbntUcW4+dnSv5o3ois28mX/OaljZArLyQtnNYpaMjTr1t1aG6OIglqQ6ZIYA==
